dependencies:
- name: common
  repository: https://bjw-s-labs.github.io/helm-charts
  version: 1.5.1
- name: postgresql
  repository: https://charts.bitnami.com/bitnami
  version: 14.0.5
digest: sha256:1caf2e2d184dda4a462c3b955bef94baf944f96f65f8220b6726de2aab25725c
generated: "2025-05-04T20:50:49.420701-04:00"
