dependencies:
- name: common
  repository: https://bjw-s-labs.github.io/helm-charts
  version: 1.5.1
- name: mariadb
  repository: https://charts.bitnami.com/bitnami
  version: 20.1.1
digest: sha256:7975c5dae6616ff8dceed6c7eb90582dc69938ded3ea8d94cb7cb59aac0a6bfb
generated: "2025-05-04T20:50:39.725327-04:00"
