dependencies:
- name: common
  repository: https://bjw-s-labs.github.io/helm-charts
  version: 1.5.1
- name: postgresql
  repository: https://charts.bitnami.com/bitnami
  version: 14.0.5
- name: mariadb
  repository: https://charts.bitnami.com/bitnami
  version: 20.1.1
- name: valkey
  repository: https://valkey.io/valkey-helm/
  version: 0.9.2
digest: sha256:aa7397afa5c3f0900cfe2ceeac833ee6d0eb4d2f5467bd028c128229db842a40
generated: "2025-12-25T07:03:40.431159068Z"
