dependencies:
- name: common
  repository: https://bjw-s-labs.github.io/helm-charts
  version: 1.5.1
- name: postgresql
  repository: https://charts.bitnami.com/bitnami
  version: 14.0.5
- name: mariadb
  repository: https://charts.bitnami.com/bitnami
  version: 20.1.1
- name: redis
  repository: https://charts.bitnami.com/bitnami
  version: 20.7.0
digest: sha256:730bdc90c4ba70f650fc07f6d5295fa53591417b609720428e41d8163c1d5207
generated: "2025-05-04T20:45:55.14625-04:00"
