dependencies:
- name: common
  repository: https://bjw-s-labs.github.io/helm-charts
  version: 1.5.1
- name: mongodb
  repository: https://charts.bitnami.com/bitnami
  version: 16.3.1
digest: sha256:1234772a0a551ca80fca3f2692a6310ab66d1513ffe5a0aca7bf12e1c0856cfa
generated: "2025-05-04T20:51:53.933137-04:00"
