dependencies:
- name: common
  repository: https://bjw-s-labs.github.io/helm-charts
  version: 1.5.1
- name: mariadb
  repository: https://charts.bitnami.com/bitnami
  version: 20.1.1
- name: postgresql
  repository: https://charts.bitnami.com/bitnami
  version: 14.0.5
digest: sha256:725fdfac8ba47d60791e8f83ff3d0bf1ca614cac26ac00ca4f472cce8d497548
generated: "2025-05-04T20:52:42.86679-04:00"
